// !$*UTF8*$!
{
	archiveVersion = 1;
	classes = {
	};
	objectVersion = 50;
	objects = {

/* Begin PBXBuildFile section */
		20439E3023EBDB6E0063696C /* OrderView.swift in Sources */ = {isa = PBXBuildFile; fileRef = 20439E2F23EBDB6E0063696C /* OrderView.swift */; };
		20439E3223EBE0BF0063696C /* AppView.swift in Sources */ = {isa = PBXBuildFile; fileRef = 20439E3123EBE0BF0063696C /* AppView.swift */; };
		20439E3423EBF32F0063696C /* CheckoutView.swift in Sources */ = {isa = PBXBuildFile; fileRef = 20439E3323EBF32F0063696C /* CheckoutView.swift */; };
		2050CAB723EAA9C400495C23 /* MenuView.swift in Sources */ = {isa = PBXBuildFile; fileRef = 2050CAB623EAA9C400495C23 /* MenuView.swift */; };
		2050CABC23EAAACB00495C23 /* menu.json in Resources */ = {isa = PBXBuildFile; fileRef = 2050CAB823EAAACB00495C23 /* menu.json */; };
		2050CABD23EAAACB00495C23 /* Menu.swift in Sources */ = {isa = PBXBuildFile; fileRef = 2050CAB923EAAACB00495C23 /* Menu.swift */; };
		2050CABE23EAAACB00495C23 /* Helper.swift in Sources */ = {isa = PBXBuildFile; fileRef = 2050CABA23EAAACB00495C23 /* Helper.swift */; };
		2050CABF23EAAACB00495C23 /* Order.swift in Sources */ = {isa = PBXBuildFile; fileRef = 2050CABB23EAAACB00495C23 /* Order.swift */; };
		2050CAC123EAB97400495C23 /* ItemRow.swift in Sources */ = {isa = PBXBuildFile; fileRef = 2050CAC023EAB97400495C23 /* ItemRow.swift */; };
		2050CAC323EACB8D00495C23 /* ItemDetail.swift in Sources */ = {isa = PBXBuildFile; fileRef = 2050CAC223EACB8D00495C23 /* ItemDetail.swift */; };
		207F44F223E93A4600B9C08F /* HomeView.swift in Sources */ = {isa = PBXBuildFile; fileRef = 207F44F123E93A4600B9C08F /* HomeView.swift */; };
		207F44F423E95A4500B9C08F /* CityCard.swift in Sources */ = {isa = PBXBuildFile; fileRef = 207F44F323E95A4500B9C08F /* CityCard.swift */; };
		209B554823E7E05600A18B1C /* MainView.swift in Sources */ = {isa = PBXBuildFile; fileRef = 209B554723E7E05600A18B1C /* MainView.swift */; };
		209EB4D723E2C7D10074C974 /* AppDelegate.swift in Sources */ = {isa = PBXBuildFile; fileRef = 209EB4D623E2C7D10074C974 /* AppDelegate.swift */; };
		209EB4D923E2C7D10074C974 /* SceneDelegate.swift in Sources */ = {isa = PBXBuildFile; fileRef = 209EB4D823E2C7D10074C974 /* SceneDelegate.swift */; };
		209EB4DB23E2C7D10074C974 /* LoginView.swift in Sources */ = {isa = PBXBuildFile; fileRef = 209EB4DA23E2C7D10074C974 /* LoginView.swift */; };
		209EB4DD23E2C7D80074C974 /* Assets.xcassets in Resources */ = {isa = PBXBuildFile; fileRef = 209EB4DC23E2C7D80074C974 /* Assets.xcassets */; };
		209EB4E023E2C7D80074C974 /* Preview Assets.xcassets in Resources */ = {isa = PBXBuildFile; fileRef = 209EB4DF23E2C7D80074C974 /* Preview Assets.xcassets */; };
		209EB4E323E2C7D80074C974 /* LaunchScreen.storyboard in Resources */ = {isa = PBXBuildFile; fileRef = 209EB4E123E2C7D80074C974 /* LaunchScreen.storyboard */; };
		20A6A58E23F51E8F002782CB /* MovieViewModel.swift in Sources */ = {isa = PBXBuildFile; fileRef = 20A6A58D23F51E8F002782CB /* MovieViewModel.swift */; };
		20A6A59023F53CB7002782CB /* MovieItem.swift in Sources */ = {isa = PBXBuildFile; fileRef = 20A6A58F23F53CB7002782CB /* MovieItem.swift */; };
		20FB7DC123ED5E540011A8F1 /* MovieStore.swift in Sources */ = {isa = PBXBuildFile; fileRef = 20FB7DBF23ED5E540011A8F1 /* MovieStore.swift */; };
		20FB7DC223ED5E540011A8F1 /* MovieService.swift in Sources */ = {isa = PBXBuildFile; fileRef = 20FB7DC023ED5E540011A8F1 /* MovieService.swift */; };
		20FB7DC423ED5EDC0011A8F1 /* Movie.swift in Sources */ = {isa = PBXBuildFile; fileRef = 20FB7DC323ED5EDC0011A8F1 /* Movie.swift */; };
		20FB7DC723ED641D0011A8F1 /* ActivityIndicator.swift in Sources */ = {isa = PBXBuildFile; fileRef = 20FB7DC623ED641D0011A8F1 /* ActivityIndicator.swift */; };
		20FB7DCA23ED74240011A8F1 /* MessageText.swift in Sources */ = {isa = PBXBuildFile; fileRef = 20FB7DC923ED74240011A8F1 /* MessageText.swift */; };
		20FB7DCE23ED7E450011A8F1 /* MovieView.swift in Sources */ = {isa = PBXBuildFile; fileRef = 20FB7DCD23ED7E450011A8F1 /* MovieView.swift */; };
/* End PBXBuildFile section */

/* Begin PBXFileReference section */
		20439E2F23EBDB6E0063696C /* OrderView.swift */ = {isa = PBXFileReference; lastKnownFileType = sourcecode.swift; path = OrderView.swift; sourceTree = "<group>"; };
		20439E3123EBE0BF0063696C /* AppView.swift */ = {isa = PBXFileReference; lastKnownFileType = sourcecode.swift; path = AppView.swift; sourceTree = "<group>"; };
		20439E3323EBF32F0063696C /* CheckoutView.swift */ = {isa = PBXFileReference; lastKnownFileType = sourcecode.swift; path = CheckoutView.swift; sourceTree = "<group>"; };
		2050CAB623EAA9C400495C23 /* MenuView.swift */ = {isa = PBXFileReference; lastKnownFileType = sourcecode.swift; path = MenuView.swift; sourceTree = "<group>"; };
		2050CAB823EAAACB00495C23 /* menu.json */ = {isa = PBXFileReference; fileEncoding = 4; lastKnownFileType = text.json; path = menu.json; sourceTree = "<group>"; };
		2050CAB923EAAACB00495C23 /* Menu.swift */ = {isa = PBXFileReference; fileEncoding = 4; lastKnownFileType = sourcecode.swift; path = Menu.swift; sourceTree = "<group>"; };
		2050CABA23EAAACB00495C23 /* Helper.swift */ = {isa = PBXFileReference; fileEncoding = 4; lastKnownFileType = sourcecode.swift; path = Helper.swift; sourceTree = "<group>"; };
		2050CABB23EAAACB00495C23 /* Order.swift */ = {isa = PBXFileReference; fileEncoding = 4; lastKnownFileType = sourcecode.swift; path = Order.swift; sourceTree = "<group>"; };
		2050CAC023EAB97400495C23 /* ItemRow.swift */ = {isa = PBXFileReference; lastKnownFileType = sourcecode.swift; path = ItemRow.swift; sourceTree = "<group>"; };
		2050CAC223EACB8D00495C23 /* ItemDetail.swift */ = {isa = PBXFileReference; lastKnownFileType = sourcecode.swift; path = ItemDetail.swift; sourceTree = "<group>"; };
		207F44F123E93A4600B9C08F /* HomeView.swift */ = {isa = PBXFileReference; lastKnownFileType = sourcecode.swift; path = HomeView.swift; sourceTree = "<group>"; };
		207F44F323E95A4500B9C08F /* CityCard.swift */ = {isa = PBXFileReference; lastKnownFileType = sourcecode.swift; path = CityCard.swift; sourceTree = "<group>"; };
		209B554723E7E05600A18B1C /* MainView.swift */ = {isa = PBXFileReference; lastKnownFileType = sourcecode.swift; path = MainView.swift; sourceTree = "<group>"; };
		209EB4D323E2C7D10074C974 /* Panti.id SwiftUI.app */ = {isa = PBXFileReference; explicitFileType = wrapper.application; includeInIndex = 0; path = "Panti.id SwiftUI.app"; sourceTree = BUILT_PRODUCTS_DIR; };
		209EB4D623E2C7D10074C974 /* AppDelegate.swift */ = {isa = PBXFileReference; lastKnownFileType = sourcecode.swift; path = AppDelegate.swift; sourceTree = "<group>"; };
		209EB4D823E2C7D10074C974 /* SceneDelegate.swift */ = {isa = PBXFileReference; lastKnownFileType = sourcecode.swift; path = SceneDelegate.swift; sourceTree = "<group>"; };
		209EB4DA23E2C7D10074C974 /* LoginView.swift */ = {isa = PBXFileReference; lastKnownFileType = sourcecode.swift; path = LoginView.swift; sourceTree = "<group>"; };
		209EB4DC23E2C7D80074C974 /* Assets.xcassets */ = {isa = PBXFileReference; lastKnownFileType = folder.assetcatalog; path = Assets.xcassets; sourceTree = "<group>"; };
		209EB4DF23E2C7D80074C974 /* Preview Assets.xcassets */ = {isa = PBXFileReference; lastKnownFileType = folder.assetcatalog; path = "Preview Assets.xcassets"; sourceTree = "<group>"; };
		209EB4E223E2C7D80074C974 /* Base */ = {isa = PBXFileReference; lastKnownFileType = file.storyboard; name = Base; path = Base.lproj/LaunchScreen.storyboard; sourceTree = "<group>"; };
		209EB4E423E2C7D80074C974 /* Info.plist */ = {isa = PBXFileReference; lastKnownFileType = text.plist.xml; path = Info.plist; sourceTree = "<group>"; };
		20A6A58D23F51E8F002782CB /* MovieViewModel.swift */ = {isa = PBXFileReference; lastKnownFileType = sourcecode.swift; path = MovieViewModel.swift; sourceTree = "<group>"; };
		20A6A58F23F53CB7002782CB /* MovieItem.swift */ = {isa = PBXFileReference; lastKnownFileType = sourcecode.swift; path = MovieItem.swift; sourceTree = "<group>"; };
		20FB7DBF23ED5E540011A8F1 /* MovieStore.swift */ = {isa = PBXFileReference; fileEncoding = 4; lastKnownFileType = sourcecode.swift; path = MovieStore.swift; sourceTree = "<group>"; };
		20FB7DC023ED5E540011A8F1 /* MovieService.swift */ = {isa = PBXFileReference; fileEncoding = 4; lastKnownFileType = sourcecode.swift; path = MovieService.swift; sourceTree = "<group>"; };
		20FB7DC323ED5EDC0011A8F1 /* Movie.swift */ = {isa = PBXFileReference; fileEncoding = 4; lastKnownFileType = sourcecode.swift; path = Movie.swift; sourceTree = "<group>"; };
		20FB7DC623ED641D0011A8F1 /* ActivityIndicator.swift */ = {isa = PBXFileReference; lastKnownFileType = sourcecode.swift; path = ActivityIndicator.swift; sourceTree = "<group>"; };
		20FB7DC923ED74240011A8F1 /* MessageText.swift */ = {isa = PBXFileReference; lastKnownFileType = sourcecode.swift; path = MessageText.swift; sourceTree = "<group>"; };
		20FB7DCD23ED7E450011A8F1 /* MovieView.swift */ = {isa = PBXFileReference; lastKnownFileType = sourcecode.swift; path = MovieView.swift; sourceTree = "<group>"; };
/* End PBXFileReference section */

/* Begin PBXFrameworksBuildPhase section */
		209EB4D023E2C7D10074C974 /* Frameworks */ = {
			isa = PBXFrameworksBuildPhase;
			buildActionMask = 2147483647;
			files = (
			);
			runOnlyForDeploymentPostprocessing = 0;
		};
/* End PBXFrameworksBuildPhase section */

/* Begin PBXGroup section */
		20439E2E23EBD1CB0063696C /* PantiDuplicate */ = {
			isa = PBXGroup;
			children = (
				209EB4DA23E2C7D10074C974 /* LoginView.swift */,
				209B554723E7E05600A18B1C /* MainView.swift */,
				207F44F123E93A4600B9C08F /* HomeView.swift */,
				207F44F323E95A4500B9C08F /* CityCard.swift */,
			);
			path = PantiDuplicate;
			sourceTree = "<group>";
		};
		20439E3523EBF9AE0063696C /* Feature */ = {
			isa = PBXGroup;
			children = (
				20FB7DCC23ED7C370011A8F1 /* Movie */,
				20439E3A23EBF9F60063696C /* Detail */,
				20439E3923EBF9DB0063696C /* Checkout */,
				20439E3823EBF9D30063696C /* Order */,
				20439E3723EBF9C80063696C /* Menu */,
				20439E3623EBF9BB0063696C /* Main */,
			);
			path = Feature;
			sourceTree = "<group>";
		};
		20439E3623EBF9BB0063696C /* Main */ = {
			isa = PBXGroup;
			children = (
				20439E3123EBE0BF0063696C /* AppView.swift */,
			);
			path = Main;
			sourceTree = "<group>";
		};
		20439E3723EBF9C80063696C /* Menu */ = {
			isa = PBXGroup;
			children = (
				2050CAB623EAA9C400495C23 /* MenuView.swift */,
				2050CAC023EAB97400495C23 /* ItemRow.swift */,
			);
			path = Menu;
			sourceTree = "<group>";
		};
		20439E3823EBF9D30063696C /* Order */ = {
			isa = PBXGroup;
			children = (
				20439E2F23EBDB6E0063696C /* OrderView.swift */,
			);
			path = Order;
			sourceTree = "<group>";
		};
		20439E3923EBF9DB0063696C /* Checkout */ = {
			isa = PBXGroup;
			children = (
				20439E3323EBF32F0063696C /* CheckoutView.swift */,
			);
			path = Checkout;
			sourceTree = "<group>";
		};
		20439E3A23EBF9F60063696C /* Detail */ = {
			isa = PBXGroup;
			children = (
				2050CAC223EACB8D00495C23 /* ItemDetail.swift */,
			);
			path = Detail;
			sourceTree = "<group>";
		};
		20439E3B23EBFA110063696C /* Utils */ = {
			isa = PBXGroup;
			children = (
				2050CABA23EAAACB00495C23 /* Helper.swift */,
			);
			path = Utils;
			sourceTree = "<group>";
		};
		20439E3C23EBFA1C0063696C /* Model */ = {
			isa = PBXGroup;
			children = (
				20FB7DC323ED5EDC0011A8F1 /* Movie.swift */,
				2050CAB923EAAACB00495C23 /* Menu.swift */,
				2050CABB23EAAACB00495C23 /* Order.swift */,
			);
			path = Model;
			sourceTree = "<group>";
		};
		2050CAB523EAA8E000495C23 /* DineApps */ = {
			isa = PBXGroup;
			children = (
				20FB7DC823ED73B20011A8F1 /* View */,
				20FB7DBE23ED5E320011A8F1 /* Service */,
				20439E3C23EBFA1C0063696C /* Model */,
				20439E3B23EBFA110063696C /* Utils */,
				20439E3523EBF9AE0063696C /* Feature */,
			);
			path = DineApps;
			sourceTree = "<group>";
		};
		209EB4CA23E2C7D10074C974 = {
			isa = PBXGroup;
			children = (
				209EB4D523E2C7D10074C974 /* Panti.id SwiftUI */,
				209EB4D423E2C7D10074C974 /* Products */,
			);
			sourceTree = "<group>";
		};
		209EB4D423E2C7D10074C974 /* Products */ = {
			isa = PBXGroup;
			children = (
				209EB4D323E2C7D10074C974 /* Panti.id SwiftUI.app */,
			);
			name = Products;
			sourceTree = "<group>";
		};
		209EB4D523E2C7D10074C974 /* Panti.id SwiftUI */ = {
			isa = PBXGroup;
			children = (
				20439E2E23EBD1CB0063696C /* PantiDuplicate */,
				2050CAB523EAA8E000495C23 /* DineApps */,
				209EB4D623E2C7D10074C974 /* AppDelegate.swift */,
				209EB4D823E2C7D10074C974 /* SceneDelegate.swift */,
				2050CAB823EAAACB00495C23 /* menu.json */,
				209EB4DC23E2C7D80074C974 /* Assets.xcassets */,
				209EB4E123E2C7D80074C974 /* LaunchScreen.storyboard */,
				209EB4E423E2C7D80074C974 /* Info.plist */,
				209EB4DE23E2C7D80074C974 /* Preview Content */,
			);
			path = "Panti.id SwiftUI";
			sourceTree = "<group>";
		};
		209EB4DE23E2C7D80074C974 /* Preview Content */ = {
			isa = PBXGroup;
			children = (
				209EB4DF23E2C7D80074C974 /* Preview Assets.xcassets */,
			);
			path = "Preview Content";
			sourceTree = "<group>";
		};
		20FB7DBE23ED5E320011A8F1 /* Service */ = {
			isa = PBXGroup;
			children = (
				20FB7DC023ED5E540011A8F1 /* MovieService.swift */,
				20FB7DBF23ED5E540011A8F1 /* MovieStore.swift */,
			);
			path = Service;
			sourceTree = "<group>";
		};
		20FB7DC523ED63210011A8F1 /* UIKitViews */ = {
			isa = PBXGroup;
			children = (
				20FB7DC623ED641D0011A8F1 /* ActivityIndicator.swift */,
			);
			path = UIKitViews;
			sourceTree = "<group>";
		};
		20FB7DC823ED73B20011A8F1 /* View */ = {
			isa = PBXGroup;
			children = (
				20FB7DCB23ED785A0011A8F1 /* CommonUI */,
				20FB7DC523ED63210011A8F1 /* UIKitViews */,
			);
			path = View;
			sourceTree = "<group>";
		};
		20FB7DCB23ED785A0011A8F1 /* CommonUI */ = {
			isa = PBXGroup;
			children = (
				20FB7DC923ED74240011A8F1 /* MessageText.swift */,
			);
			path = CommonUI;
			sourceTree = "<group>";
		};
		20FB7DCC23ED7C370011A8F1 /* Movie */ = {
			isa = PBXGroup;
			children = (
				20FB7DCD23ED7E450011A8F1 /* MovieView.swift */,
				20A6A58D23F51E8F002782CB /* MovieViewModel.swift */,
				20A6A58F23F53CB7002782CB /* MovieItem.swift */,
			);
			path = Movie;
			sourceTree = "<group>";
		};
/* End PBXGroup section */

/* Begin PBXNativeTarget section */
		209EB4D223E2C7D10074C974 /* Panti.id SwiftUI */ = {
			isa = PBXNativeTarget;
			buildConfigurationList = 209EB4E723E2C7D80074C974 /* Build configuration list for PBXNativeTarget "Panti.id SwiftUI" */;
			buildPhases = (
				209EB4CF23E2C7D10074C974 /* Sources */,
				209EB4D023E2C7D10074C974 /* Frameworks */,
				209EB4D123E2C7D10074C974 /* Resources */,
			);
			buildRules = (
			);
			dependencies = (
			);
			name = "Panti.id SwiftUI";
			productName = "Panti.id SwiftUI";
			productReference = 209EB4D323E2C7D10074C974 /* Panti.id SwiftUI.app */;
			productType = "com.apple.product-type.application";
		};
/* End PBXNativeTarget section */

/* Begin PBXProject section */
		209EB4CB23E2C7D10074C974 /* Project object */ = {
			isa = PBXProject;
			attributes = {
				LastSwiftUpdateCheck = 1130;
				LastUpgradeCheck = 1130;
				ORGANIZATIONNAME = "Bayu Paoh";
				TargetAttributes = {
					209EB4D223E2C7D10074C974 = {
						CreatedOnToolsVersion = 11.3;
					};
				};
			};
			buildConfigurationList = 209EB4CE23E2C7D10074C974 /* Build configuration list for PBXProject "Panti.id SwiftUI" */;
			compatibilityVersion = "Xcode 9.3";
			developmentRegion = en;
			hasScannedForEncodings = 0;
			knownRegions = (
				en,
				Base,
			);
			mainGroup = 209EB4CA23E2C7D10074C974;
			productRefGroup = 209EB4D423E2C7D10074C974 /* Products */;
			projectDirPath = "";
			projectRoot = "";
			targets = (
				209EB4D223E2C7D10074C974 /* Panti.id SwiftUI */,
			);
		};
/* End PBXProject section */

/* Begin PBXResourcesBuildPhase section */
		209EB4D123E2C7D10074C974 /* Resources */ = {
			isa = PBXResourcesBuildPhase;
			buildActionMask = 2147483647;
			files = (
				209EB4E323E2C7D80074C974 /* LaunchScreen.storyboard in Resources */,
				209EB4E023E2C7D80074C974 /* Preview Assets.xcassets in Resources */,
				2050CABC23EAAACB00495C23 /* menu.json in Resources */,
				209EB4DD23E2C7D80074C974 /* Assets.xcassets in Resources */,
			);
			runOnlyForDeploymentPostprocessing = 0;
		};
/* End PBXResourcesBuildPhase section */

/* Begin PBXSourcesBuildPhase section */
		209EB4CF23E2C7D10074C974 /* Sources */ = {
			isa = PBXSourcesBuildPhase;
			buildActionMask = 2147483647;
			files = (
				20FB7DC423ED5EDC0011A8F1 /* Movie.swift in Sources */,
				2050CAB723EAA9C400495C23 /* MenuView.swift in Sources */,
				20439E3023EBDB6E0063696C /* OrderView.swift in Sources */,
				20439E3423EBF32F0063696C /* CheckoutView.swift in Sources */,
				2050CAC323EACB8D00495C23 /* ItemDetail.swift in Sources */,
				209EB4D723E2C7D10074C974 /* AppDelegate.swift in Sources */,
				20FB7DC223ED5E540011A8F1 /* MovieService.swift in Sources */,
				2050CABF23EAAACB00495C23 /* Order.swift in Sources */,
				20A6A59023F53CB7002782CB /* MovieItem.swift in Sources */,
				2050CABD23EAAACB00495C23 /* Menu.swift in Sources */,
				209B554823E7E05600A18B1C /* MainView.swift in Sources */,
				209EB4D923E2C7D10074C974 /* SceneDelegate.swift in Sources */,
				2050CABE23EAAACB00495C23 /* Helper.swift in Sources */,
				207F44F223E93A4600B9C08F /* HomeView.swift in Sources */,
				20439E3223EBE0BF0063696C /* AppView.swift in Sources */,
				2050CAC123EAB97400495C23 /* ItemRow.swift in Sources */,
				20FB7DC723ED641D0011A8F1 /* ActivityIndicator.swift in Sources */,
				207F44F423E95A4500B9C08F /* CityCard.swift in Sources */,
				20FB7DC123ED5E540011A8F1 /* MovieStore.swift in Sources */,
				209EB4DB23E2C7D10074C974 /* LoginView.swift in Sources */,
				20FB7DCA23ED74240011A8F1 /* MessageText.swift in Sources */,
				20A6A58E23F51E8F002782CB /* MovieViewModel.swift in Sources */,
				20FB7DCE23ED7E450011A8F1 /* MovieView.swift in Sources */,
			);
			runOnlyForDeploymentPostprocessing = 0;
		};
/* End PBXSourcesBuildPhase section */

/* Begin PBXVariantGroup section */
		209EB4E123E2C7D80074C974 /* LaunchScreen.storyboard */ = {
			isa = PBXVariantGroup;
			children = (
				209EB4E223E2C7D80074C974 /* Base */,
			);
			name = LaunchScreen.storyboard;
			sourceTree = "<group>";
		};
/* End PBXVariantGroup section */

/* Begin XCBuildConfiguration section */
		209EB4E523E2C7D80074C974 /* Debug */ = {
			isa = XCBuildConfiguration;
			buildSettings = {
				ALWAYS_SEARCH_USER_PATHS = NO;
				CLANG_ANALYZER_NONNULL = YES;
				CLANG_ANALYZER_NUMBER_OBJECT_CONVERSION = YES_AGGRESSIVE;
				CLANG_CXX_LANGUAGE_STANDARD = "gnu++14";
				CLANG_CXX_LIBRARY = "libc++";
				CLANG_ENABLE_MODULES = YES;
				CLANG_ENABLE_OBJC_ARC = YES;
				CLANG_ENABLE_OBJC_WEAK = YES;
				CLANG_WARN_BLOCK_CAPTURE_AUTORELEASING = YES;
				CLANG_WARN_BOOL_CONVERSION = YES;
				CLANG_WARN_COMMA = YES;
				CLANG_WARN_CONSTANT_CONVERSION = YES;
				CLANG_WARN_DEPRECATED_OBJC_IMPLEMENTATIONS = YES;
				CLANG_WARN_DIRECT_OBJC_ISA_USAGE = YES_ERROR;
				CLANG_WARN_DOCUMENTATION_COMMENTS = YES;
				CLANG_WARN_EMPTY_BODY = YES;
				CLANG_WARN_ENUM_CONVERSION = YES;
				CLANG_WARN_INFINITE_RECURSION = YES;
				CLANG_WARN_INT_CONVERSION = YES;
				CLANG_WARN_NON_LITERAL_NULL_CONVERSION = YES;
				CLANG_WARN_OBJC_IMPLICIT_RETAIN_SELF = YES;
				CLANG_WARN_OBJC_LITERAL_CONVERSION = YES;
				CLANG_WARN_OBJC_ROOT_CLASS = YES_ERROR;
				CLANG_WARN_RANGE_LOOP_ANALYSIS = YES;
				CLANG_WARN_STRICT_PROTOTYPES = YES;
				CLANG_WARN_SUSPICIOUS_MOVE = YES;
				CLANG_WARN_UNGUARDED_AVAILABILITY = YES_AGGRESSIVE;
				CLANG_WARN_UNREACHABLE_CODE = YES;
				CLANG_WARN__DUPLICATE_METHOD_MATCH = YES;
				COPY_PHASE_STRIP = NO;
				DEBUG_INFORMATION_FORMAT = dwarf;
				ENABLE_STRICT_OBJC_MSGSEND = YES;
				ENABLE_TESTABILITY = YES;
				GCC_C_LANGUAGE_STANDARD = gnu11;
				GCC_DYNAMIC_NO_PIC = NO;
				GCC_NO_COMMON_BLOCKS = YES;
				GCC_OPTIMIZATION_LEVEL = 0;
				GCC_PREPROCESSOR_DEFINITIONS = (
					"DEBUG=1",
					"$(inherited)",
				);
				GCC_WARN_64_TO_32_BIT_CONVERSION = YES;
				GCC_WARN_ABOUT_RETURN_TYPE = YES_ERROR;
				GCC_WARN_UNDECLARED_SELECTOR = YES;
				GCC_WARN_UNINITIALIZED_AUTOS = YES_AGGRESSIVE;
				GCC_WARN_UNUSED_FUNCTION = YES;
				GCC_WARN_UNUSED_VARIABLE = YES;
				IPHONEOS_DEPLOYMENT_TARGET = 13.2;
				MTL_ENABLE_DEBUG_INFO = INCLUDE_SOURCE;
				MTL_FAST_MATH = YES;
				ONLY_ACTIVE_ARCH = YES;
				SDKROOT = iphoneos;
				SWIFT_ACTIVE_COMPILATION_CONDITIONS = DEBUG;
				SWIFT_OPTIMIZATION_LEVEL = "-Onone";
			};
			name = Debug;
		};
		209EB4E623E2C7D80074C974 /* Release */ = {
			isa = XCBuildConfiguration;
			buildSettings = {
				ALWAYS_SEARCH_USER_PATHS = NO;
				CLANG_ANALYZER_NONNULL = YES;
				CLANG_ANALYZER_NUMBER_OBJECT_CONVERSION = YES_AGGRESSIVE;
				CLANG_CXX_LANGUAGE_STANDARD = "gnu++14";
				CLANG_CXX_LIBRARY = "libc++";
				CLANG_ENABLE_MODULES = YES;
				CLANG_ENABLE_OBJC_ARC = YES;
				CLANG_ENABLE_OBJC_WEAK = YES;
				CLANG_WARN_BLOCK_CAPTURE_AUTORELEASING = YES;
				CLANG_WARN_BOOL_CONVERSION = YES;
				CLANG_WARN_COMMA = YES;
				CLANG_WARN_CONSTANT_CONVERSION = YES;
				CLANG_WARN_DEPRECATED_OBJC_IMPLEMENTATIONS = YES;
				CLANG_WARN_DIRECT_OBJC_ISA_USAGE = YES_ERROR;
				CLANG_WARN_DOCUMENTATION_COMMENTS = YES;
				CLANG_WARN_EMPTY_BODY = YES;
				CLANG_WARN_ENUM_CONVERSION = YES;
				CLANG_WARN_INFINITE_RECURSION = YES;
				CLANG_WARN_INT_CONVERSION = YES;
				CLANG_WARN_NON_LITERAL_NULL_CONVERSION = YES;
				CLANG_WARN_OBJC_IMPLICIT_RETAIN_SELF = YES;
				CLANG_WARN_OBJC_LITERAL_CONVERSION = YES;
				CLANG_WARN_OBJC_ROOT_CLASS = YES_ERROR;
				CLANG_WARN_RANGE_LOOP_ANALYSIS = YES;
				CLANG_WARN_STRICT_PROTOTYPES = YES;
				CLANG_WARN_SUSPICIOUS_MOVE = YES;
				CLANG_WARN_UNGUARDED_AVAILABILITY = YES_AGGRESSIVE;
				CLANG_WARN_UNREACHABLE_CODE = YES;
				CLANG_WARN__DUPLICATE_METHOD_MATCH = YES;
				COPY_PHASE_STRIP = NO;
				DEBUG_INFORMATION_FORMAT = "dwarf-with-dsym";
				ENABLE_NS_ASSERTIONS = NO;
				ENABLE_STRICT_OBJC_MSGSEND = YES;
				GCC_C_LANGUAGE_STANDARD = gnu11;
				GCC_NO_COMMON_BLOCKS = YES;
				GCC_WARN_64_TO_32_BIT_CONVERSION = YES;
				GCC_WARN_ABOUT_RETURN_TYPE = YES_ERROR;
				GCC_WARN_UNDECLARED_SELECTOR = YES;
				GCC_WARN_UNINITIALIZED_AUTOS = YES_AGGRESSIVE;
				GCC_WARN_UNUSED_FUNCTION = YES;
				GCC_WARN_UNUSED_VARIABLE = YES;
				IPHONEOS_DEPLOYMENT_TARGET = 13.2;
				MTL_ENABLE_DEBUG_INFO = NO;
				MTL_FAST_MATH = YES;
				SDKROOT = iphoneos;
				SWIFT_COMPILATION_MODE = wholemodule;
				SWIFT_OPTIMIZATION_LEVEL = "-O";
				VALIDATE_PRODUCT = YES;
			};
			name = Release;
		};
		209EB4E823E2C7D80074C974 /* Debug */ = {
			isa = XCBuildConfiguration;
			buildSettings = {
				ASSETCATALOG_COMPILER_APPICON_NAME = AppIcon;
				CODE_SIGN_STYLE = Automatic;
				DEVELOPMENT_ASSET_PATHS = "\"Panti.id SwiftUI/Preview Content\"";
				ENABLE_PREVIEWS = YES;
				INFOPLIST_FILE = "Panti.id SwiftUI/Info.plist";
				LD_RUNPATH_SEARCH_PATHS = (
					"$(inherited)",
					"@executable_path/Frameworks",
				);
				PRODUCT_BUNDLE_IDENTIFIER = "me.bayupaoh.Panti-id-SwiftUI";
				PRODUCT_NAME = "$(TARGET_NAME)";
				SWIFT_VERSION = 5.0;
				TARGETED_DEVICE_FAMILY = "1,2";
			};
			name = Debug;
		};
		209EB4E923E2C7D80074C974 /* Release */ = {
			isa = XCBuildConfiguration;
			buildSettings = {
				ASSETCATALOG_COMPILER_APPICON_NAME = AppIcon;
				CODE_SIGN_STYLE = Automatic;
				DEVELOPMENT_ASSET_PATHS = "\"Panti.id SwiftUI/Preview Content\"";
				ENABLE_PREVIEWS = YES;
				INFOPLIST_FILE = "Panti.id SwiftUI/Info.plist";
				LD_RUNPATH_SEARCH_PATHS = (
					"$(inherited)",
					"@executable_path/Frameworks",
				);
				PRODUCT_BUNDLE_IDENTIFIER = "me.bayupaoh.Panti-id-SwiftUI";
				PRODUCT_NAME = "$(TARGET_NAME)";
				SWIFT_VERSION = 5.0;
				TARGETED_DEVICE_FAMILY = "1,2";
			};
			name = Release;
		};
/* End XCBuildConfiguration section */

/* Begin XCConfigurationList section */
		209EB4CE23E2C7D10074C974 /* Build configuration list for PBXProject "Panti.id SwiftUI" */ = {
			isa = XCConfigurationList;
			buildConfigurations = (
				209EB4E523E2C7D80074C974 /* Debug */,
				209EB4E623E2C7D80074C974 /* Release */,
			);
			defaultConfigurationIsVisible = 0;
			defaultConfigurationName = Release;
		};
		209EB4E723E2C7D80074C974 /* Build configuration list for PBXNativeTarget "Panti.id SwiftUI" */ = {
			isa = XCConfigurationList;
			buildConfigurations = (
				209EB4E823E2C7D80074C974 /* Debug */,
				209EB4E923E2C7D80074C974 /* Release */,
			);
			defaultConfigurationIsVisible = 0;
			defaultConfigurationName = Release;
		};
/* End XCConfigurationList section */
	};
	rootObject = 209EB4CB23E2C7D10074C974 /* Project object */;
}
